schema: '2.0'
stages:
  generate:
    cmd: python -u src/data/generate_synthetic.py --output 
      data/raw/transactions.csv --n-samples 6000 --seed 42
    deps:
    - path: src/data/generate_synthetic.py
      hash: md5
      md5: 634ccaf277b457c48797766eee2b9d55
      size: 8543
    params:
      params.yaml:
        data.n_synthetic_samples: 6000
        data.raw_path: data/raw/transactions.csv
        preprocess.seed: 42
    outs:
    - path: data/raw/transactions.csv
      hash: md5
      md5: 3ac73f753d260a86c1ec246c0fcb68c3
      size: 286766
  ingest:
    cmd: python -u src/data/ingest.py
    deps:
    - path: data/raw/transactions.csv
      hash: md5
      md5: b18038c618e067e5d12db09394b3a03e
      size: 171714028
    - path: src/data/ingest.py
      hash: md5
      md5: 158b8fa477807ae72604b7f2c0501c53
      size: 4772
    params:
      params.yaml:
        data.ingested_path: data/ingested/transactions.csv
        data.raw_path: data/raw/transactions.csv
    outs:
    - path: data/ingested/baseline_stats.json
      hash: md5
      md5: a329f2100241a6324ac910b77723acfa
      size: 439
    - path: data/ingested/transactions.csv
      hash: md5
      md5: 92608b3a39f7ef1a8da0c0440271cb2f
      size: 61752591
  preprocess:
    cmd: python -u src/data/preprocess.py
    deps:
    - path: data/ingested/transactions.csv
      hash: md5
      md5: 92608b3a39f7ef1a8da0c0440271cb2f
      size: 61752591
    - path: src/data/preprocess.py
      hash: md5
      md5: b3cdbf44e08ce599a24027571406a9aa
      size: 6606
    params:
      params.yaml:
        data.ingested_path: data/ingested/transactions.csv
        data.processed_dir: data/processed
        preprocess:
          max_vocab_size: 10000
          max_seq_len: 50
          test_size: 0.15
          val_size: 0.15
          min_freq: 2
          seed: 42
    outs:
    - path: data/processed/X_test.npy
      hash: md5
      md5: 9b840feebb47293e7a92bff5eeadd1e7
      size: 41686128
    - path: data/processed/X_train.npy
      hash: md5
      md5: 8dcc02cc3d67bb401203f1591a107ad6
      size: 194533928
    - path: data/processed/X_val.npy
      hash: md5
      md5: b8f2853c68a5a3d6776150d1812e17ae
      size: 41686128
    - path: data/processed/feature_baseline.json
      hash: md5
      md5: d13ab788930b63bc6b1a2c6cfaa39e47
      size: 275
    - path: data/processed/label_encoder.pkl
      hash: md5
      md5: 17aa995478cdd0498a9f1b06b7f2b696
      size: 444
    - path: data/processed/vocab.pkl
      hash: md5
      md5: 28bd7549720ae12fd8944b3b792156bd
      size: 103052
    - path: data/processed/y_test.npy
      hash: md5
      md5: 6e310950d0e3fb44129d73807e4499e6
      size: 1667568
    - path: data/processed/y_train.npy
      hash: md5
      md5: de6ffcbd313517d3a1bf997f4c74a06a
      size: 7781480
    - path: data/processed/y_val.npy
      hash: md5
      md5: c4b32f947ad3829d20983b23d908794e
      size: 1667568
  train:
    cmd: python -u src/models/train.py
    deps:
    - path: data/processed/X_train.npy
      hash: md5
      md5: 8dcc02cc3d67bb401203f1591a107ad6
      size: 194533928
    - path: data/processed/X_val.npy
      hash: md5
      md5: b8f2853c68a5a3d6776150d1812e17ae
      size: 41686128
    - path: data/processed/label_encoder.pkl
      hash: md5
      md5: 17aa995478cdd0498a9f1b06b7f2b696
      size: 444
    - path: data/processed/vocab.pkl
      hash: md5
      md5: 28bd7549720ae12fd8944b3b792156bd
      size: 103052
    - path: data/processed/y_train.npy
      hash: md5
      md5: de6ffcbd313517d3a1bf997f4c74a06a
      size: 7781480
    - path: data/processed/y_val.npy
      hash: md5
      md5: c4b32f947ad3829d20983b23d908794e
      size: 1667568
    - path: src/models/model.py
      hash: md5
      md5: 52f2ce41cb9a5b47eb3d02c0b820a863
      size: 2553
    - path: src/models/train.py
      hash: md5
      md5: 3ca8837407f96af4faa0b44f940ae44a
      size: 9117
    params:
      params.yaml:
        data.processed_dir: data/processed
        train:
          embed_dim: 128
          hidden_dim: 256
          num_layers: 2
          dropout: 0.75
          batch_size: 512
          learning_rate: 0.001
          epochs: 1
          early_stopping_patience: 3
          seed: 42
    outs:
    - path: metrics/train_metrics.json
      hash: md5
      md5: ae8e2f822b8570f1e1e97d0181c58c50
      size: 100
    - path: models/latest_model.pt
      hash: md5
      md5: 7b922074f75ca59795782e0bd62e1c7e
      size: 15131217
  evaluate:
    cmd: python -u src/models/evaluate.py
    deps:
    - path: data/processed/X_test.npy
      hash: md5
      md5: 9b840feebb47293e7a92bff5eeadd1e7
      size: 41686128
    - path: data/processed/label_encoder.pkl
      hash: md5
      md5: 17aa995478cdd0498a9f1b06b7f2b696
      size: 444
    - path: data/processed/vocab.pkl
      hash: md5
      md5: 28bd7549720ae12fd8944b3b792156bd
      size: 103052
    - path: data/processed/y_test.npy
      hash: md5
      md5: 6e310950d0e3fb44129d73807e4499e6
      size: 1667568
    - path: models/latest_model.pt
      hash: md5
      md5: 7b922074f75ca59795782e0bd62e1c7e
      size: 15131217
    - path: src/models/evaluate.py
      hash: md5
      md5: bd5f47cbfc8c552798d8d962d7f86513
      size: 6276
    - path: src/models/model.py
      hash: md5
      md5: 52f2ce41cb9a5b47eb3d02c0b820a863
      size: 2553
    params:
      params.yaml:
        data.processed_dir: data/processed
        train:
          embed_dim: 128
          hidden_dim: 256
          num_layers: 2
          dropout: 0.75
          batch_size: 512
          learning_rate: 0.001
          epochs: 1
          early_stopping_patience: 3
          seed: 42
    outs:
    - path: metrics/eval_metrics.json
      hash: md5
      md5: 97babdbf75b02901e3760c77f69ff737
      size: 1701
