schema: '2.0'
stages:
  generate:
    cmd: python -u src/data/generate_synthetic.py --output 
      data/raw/transactions.csv --n-samples 6000 --seed 42
    deps:
    - path: src/data/generate_synthetic.py
      hash: md5
      md5: 634ccaf277b457c48797766eee2b9d55
      size: 8543
    params:
      params.yaml:
        data.n_synthetic_samples: 6000
        data.raw_path: data/raw/transactions.csv
        preprocess.seed: 42
    outs:
    - path: data/raw/transactions.csv
      hash: md5
      md5: 3ac73f753d260a86c1ec246c0fcb68c3
      size: 286766
  ingest:
    cmd: python -u src/data/ingest.py
    deps:
    - path: data/raw/transactions.csv
      hash: md5
      md5: 731e0cd80618d5120a7f66024545d349
      size: 59653348
    - path: src/data/ingest.py
      hash: md5
      md5: 158b8fa477807ae72604b7f2c0501c53
      size: 4772
    params:
      params.yaml:
        data.ingested_path: data/ingested/transactions.csv
        data.raw_path: data/raw/transactions.csv
    outs:
    - path: data/ingested/baseline_stats.json
      hash: md5
      md5: 1edf8c314388371ae632f1e458fb251b
      size: 439
    - path: data/ingested/transactions.csv
      hash: md5
      md5: 731e0cd80618d5120a7f66024545d349
      size: 59653348
  preprocess:
    cmd: python -u src/data/preprocess.py
    deps:
    - path: data/ingested/transactions.csv
      hash: md5
      md5: 731e0cd80618d5120a7f66024545d349
      size: 59653348
    - path: src/data/preprocess.py
      hash: md5
      md5: b3cdbf44e08ce599a24027571406a9aa
      size: 6606
    params:
      params.yaml:
        data.ingested_path: data/ingested/transactions.csv
        data.processed_dir: data/processed
        preprocess:
          max_vocab_size: 10000
          max_seq_len: 50
          test_size: 0.15
          val_size: 0.15
          min_freq: 2
          seed: 42
    outs:
    - path: data/processed/X_test.npy
      hash: md5
      md5: acc1a28327f75ac6c795a6ddfab69aaf
      size: 40305328
    - path: data/processed/X_train.npy
      hash: md5
      md5: e206c395160de152d43040d5cbe05e6b
      size: 188090728
    - path: data/processed/X_val.npy
      hash: md5
      md5: 7d2d320092343dc0a1a277b50cef7be3
      size: 40305328
    - path: data/processed/feature_baseline.json
      hash: md5
      md5: d5fe6e4faf76bb41b58e38e4fc1c2eb3
      size: 275
    - path: data/processed/label_encoder.pkl
      hash: md5
      md5: 17aa995478cdd0498a9f1b06b7f2b696
      size: 444
    - path: data/processed/vocab.pkl
      hash: md5
      md5: 7e86a2f9f1914417cf01a457278b44d2
      size: 103053
    - path: data/processed/y_test.npy
      hash: md5
      md5: 433a77d700b1f4839007bc5c83ee8c37
      size: 1612336
    - path: data/processed/y_train.npy
      hash: md5
      md5: be73febab2e083ccdcd39f5e69d9d511
      size: 7523752
    - path: data/processed/y_val.npy
      hash: md5
      md5: 82b3a97d3c1378b9e4a50ed66f7c7a75
      size: 1612336
  train:
    cmd: python -u src/models/train.py
    deps:
    - path: data/processed/X_train.npy
      hash: md5
      md5: e206c395160de152d43040d5cbe05e6b
      size: 188090728
    - path: data/processed/X_val.npy
      hash: md5
      md5: 7d2d320092343dc0a1a277b50cef7be3
      size: 40305328
    - path: data/processed/label_encoder.pkl
      hash: md5
      md5: 17aa995478cdd0498a9f1b06b7f2b696
      size: 444
    - path: data/processed/vocab.pkl
      hash: md5
      md5: 7e86a2f9f1914417cf01a457278b44d2
      size: 103053
    - path: data/processed/y_train.npy
      hash: md5
      md5: be73febab2e083ccdcd39f5e69d9d511
      size: 7523752
    - path: data/processed/y_val.npy
      hash: md5
      md5: 82b3a97d3c1378b9e4a50ed66f7c7a75
      size: 1612336
    - path: src/models/model.py
      hash: md5
      md5: 52f2ce41cb9a5b47eb3d02c0b820a863
      size: 2553
    - path: src/models/train.py
      hash: md5
      md5: 489b8bda7701cf3e7b20cc332ce658d6
      size: 10456
    params:
      params.yaml:
        data.processed_dir: data/processed
        train:
          embed_dim: 128
          hidden_dim: 256
          num_layers: 2
          dropout: 0.75
          batch_size: 512
          learning_rate: 0.001
          epochs: 1
          early_stopping_patience: 3
          seed: 42
    outs:
    - path: metrics/train_metrics.json
      hash: md5
      md5: cd86c87de589f00e8541c494d93ff4b1
      size: 100
    - path: models/latest_model.pt
      hash: md5
      md5: 6251ed6598b59b6bf304192c8bedd055
      size: 15131217
  evaluate:
    cmd: python -u src/models/evaluate.py
    deps:
    - path: data/processed/X_test.npy
      hash: md5
      md5: acc1a28327f75ac6c795a6ddfab69aaf
      size: 40305328
    - path: data/processed/label_encoder.pkl
      hash: md5
      md5: 17aa995478cdd0498a9f1b06b7f2b696
      size: 444
    - path: data/processed/vocab.pkl
      hash: md5
      md5: 7e86a2f9f1914417cf01a457278b44d2
      size: 103053
    - path: data/processed/y_test.npy
      hash: md5
      md5: 433a77d700b1f4839007bc5c83ee8c37
      size: 1612336
    - path: models/latest_model.pt
      hash: md5
      md5: 6251ed6598b59b6bf304192c8bedd055
      size: 15131217
    - path: src/models/evaluate.py
      hash: md5
      md5: c862fa36452de9e4e3f0f405728c0efe
      size: 8205
    - path: src/models/model.py
      hash: md5
      md5: 52f2ce41cb9a5b47eb3d02c0b820a863
      size: 2553
    params:
      params.yaml:
        data.processed_dir: data/processed
        train:
          embed_dim: 128
          hidden_dim: 256
          num_layers: 2
          dropout: 0.75
          batch_size: 512
          learning_rate: 0.001
          epochs: 1
          early_stopping_patience: 3
          seed: 42
    outs:
    - path: metrics/eval_metrics.json
      hash: md5
      md5: 562c87453836a98cd6645ad61a8ba77d
      size: 1697
